
Microsoft Visual Studio Solution File, Format Version 12.00
# Visual Studio Version 17
VisualStudioVersion = 17.5.33530.505
MinimumVisualStudioVersion = 10.0.40219.1
Project("{FAE04EC0-301F-11D3-BF4B-00C04F79EFBC}") = "KarakterSayaci.UI", "KarakterSayaci.UI\KarakterSayaci.UI.csproj", "{DFA29FCF-DEDC-4679-AD50-1884A20C08CC}"
EndProject
Global
	GlobalSection(SolutionConfigurationPlatforms) = preSolution
		Debug|Any CPU = Debug|Any CPU
		Release|Any CPU = Release|Any CPU
	EndGlobalSection
	GlobalSection(ProjectConfigurationPlatforms) = postSolution
		{DFA29FCF-DEDC-4679-AD50-1884A20C08CC}.Debug|Any CPU.ActiveCfg = Debug|Any CPU
		{DFA29FCF-DEDC-4679-AD50-1884A20C08CC}.Debug|Any CPU.Build.0 = Debug|Any CPU
		{DFA29FCF-DEDC-4679-AD50-1884A20C08CC}.Release|Any CPU.ActiveCfg = Release|Any CPU
		{DFA29FCF-DEDC-4679-AD50-1884A20C08CC}.Release|Any CPU.Build.0 = Release|Any CPU
	EndGlobalSection
	GlobalSection(SolutionProperties) = preSolution
		HideSolutionNode = FALSE
	EndGlobalSection
	GlobalSection(ExtensibilityGlobals) = postSolution
		SolutionGuid = {9FF893A2-5742-405B-8999-9C2E3926AA52}
	EndGlobalSection
EndGlobal
